// !$*UTF8*$!
{
	archiveVersion = 1;
	classes = {
	};
	objectVersion = 46;
	objects = {

/* Begin PBXBuildFile section */
		79A2B2461814D45C0091CBAA /* UIKit.framework in Frameworks */ = {isa = PBXBuildFile; fileRef = 79A2B2451814D45C0091CBAA /* UIKit.framework */; };
		79A2B2481814D45C0091CBAA /* Foundation.framework in Frameworks */ = {isa = PBXBuildFile; fileRef = 79A2B2471814D45C0091CBAA /* Foundation.framework */; };
		79A2B24A1814D45C0091CBAA /* CoreGraphics.framework in Frameworks */ = {isa = PBXBuildFile; fileRef = 79A2B2491814D45C0091CBAA /* CoreGraphics.framework */; };
		79A2B24C1814D45C0091CBAA /* GLKit.framework in Frameworks */ = {isa = PBXBuildFile; fileRef = 79A2B24B1814D45C0091CBAA /* GLKit.framework */; };
		79A2B24E1814D45C0091CBAA /* OpenGLES.framework in Frameworks */ = {isa = PBXBuildFile; fileRef = 79A2B24D1814D45C0091CBAA /* OpenGLES.framework */; };
		79A2B2541814D45C0091CBAA /* InfoPlist.strings in Resources */ = {isa = PBXBuildFile; fileRef = 79A2B2521814D45C0091CBAA /* InfoPlist.strings */; };
		79A2B2561814D45C0091CBAA /* main.m in Sources */ = {isa = PBXBuildFile; fileRef = 79A2B2551814D45C0091CBAA /* main.m */; };
		79A2B25A1814D45C0091CBAA /* AppDelegate.mm in Sources */ = {isa = PBXBuildFile; fileRef = 79A2B2591814D45C0091CBAA /* AppDelegate.mm */; };
		79A2B25C1814D45C0091CBAA /* Default.png in Resources */ = {isa = PBXBuildFile; fileRef = 79A2B25B1814D45C0091CBAA /* Default.png */; };
		79A2B25E1814D45C0091CBAA /* Default@2x.png in Resources */ = {isa = PBXBuildFile; fileRef = 79A2B25D1814D45C0091CBAA /* Default@2x.png */; };
		79A2B2601814D45C0091CBAA /* Default-568h@2x.png in Resources */ = {isa = PBXBuildFile; fileRef = 79A2B25F1814D45C0091CBAA /* Default-568h@2x.png */; };
		79A2B2671814D45C0091CBAA /* ViewController.mm in Sources */ = {isa = PBXBuildFile; fileRef = 79A2B2661814D45C0091CBAA /* ViewController.mm */; };
		79A2B2761814D4C90091CBAA /* Shader.fsh in Sources */ = {isa = PBXBuildFile; fileRef = 79A2B2741814D4C90091CBAA /* Shader.fsh */; };
		79A2B2771814D4C90091CBAA /* Shader.vsh in Sources */ = {isa = PBXBuildFile; fileRef = 79A2B2751814D4C90091CBAA /* Shader.vsh */; };
		79E925671815024600707886 /* QuartzCore.framework in Frameworks */ = {isa = PBXBuildFile; fileRef = 79E925661815024600707886 /* QuartzCore.framework */; };
		79E9256D181502AE00707886 /* GLBatch.cpp in Sources */ = {isa = PBXBuildFile; fileRef = 79E92568181502AE00707886 /* GLBatch.cpp */; };
		79E9256E181502AE00707886 /* GLShaderManager.cpp in Sources */ = {isa = PBXBuildFile; fileRef = 79E92569181502AE00707886 /* GLShaderManager.cpp */; };
		79E9256F181502AE00707886 /* GLTools.cpp in Sources */ = {isa = PBXBuildFile; fileRef = 79E9256A181502AE00707886 /* GLTools.cpp */; };
		79E92570181502AE00707886 /* GLTriangleBatch.cpp in Sources */ = {isa = PBXBuildFile; fileRef = 79E9256B181502AE00707886 /* GLTriangleBatch.cpp */; };
		79E92571181502AE00707886 /* math3d.cpp in Sources */ = {isa = PBXBuildFile; fileRef = 79E9256C181502AE00707886 /* math3d.cpp */; };
/* End PBXBuildFile section */

/* Begin PBXFileReference section */
		79A2B2421814D45C0091CBAA /* GLES_Paper.app */ = {isa = PBXFileReference; explicitFileType = wrapper.application; includeInIndex = 0; path = GLES_Paper.app; sourceTree = BUILT_PRODUCTS_DIR; };
		79A2B2451814D45C0091CBAA /* UIKit.framework */ = {isa = PBXFileReference; lastKnownFileType = wrapper.framework; name = UIKit.framework; path = System/Library/Frameworks/UIKit.framework; sourceTree = SDKROOT; };
		79A2B2471814D45C0091CBAA /* Foundation.framework */ = {isa = PBXFileReference; lastKnownFileType = wrapper.framework; name = Foundation.framework; path = System/Library/Frameworks/Foundation.framework; sourceTree = SDKROOT; };
		79A2B2491814D45C0091CBAA /* CoreGraphics.framework */ = {isa = PBXFileReference; lastKnownFileType = wrapper.framework; name = CoreGraphics.framework; path = System/Library/Frameworks/CoreGraphics.framework; sourceTree = SDKROOT; };
		79A2B24B1814D45C0091CBAA /* GLKit.framework */ = {isa = PBXFileReference; lastKnownFileType = wrapper.framework; name = GLKit.framework; path = System/Library/Frameworks/GLKit.framework; sourceTree = SDKROOT; };
		79A2B24D1814D45C0091CBAA /* OpenGLES.framework */ = {isa = PBXFileReference; lastKnownFileType = wrapper.framework; name = OpenGLES.framework; path = System/Library/Frameworks/OpenGLES.framework; sourceTree = SDKROOT; };
		79A2B2511814D45C0091CBAA /* GLES_Paper-Info.plist */ = {isa = PBXFileReference; lastKnownFileType = text.plist.xml; path = "GLES_Paper-Info.plist"; sourceTree = "<group>"; };
		79A2B2531814D45C0091CBAA /* en */ = {isa = PBXFileReference; lastKnownFileType = text.plist.strings; name = en; path = en.lproj/InfoPlist.strings; sourceTree = "<group>"; };
		79A2B2551814D45C0091CBAA /* main.m */ = {isa = PBXFileReference; lastKnownFileType = sourcecode.c.objc; path = main.m; sourceTree = "<group>"; };
		79A2B2571814D45C0091CBAA /* GLES_Paper-Prefix.pch */ = {isa = PBXFileReference; lastKnownFileType = sourcecode.c.h; path = "GLES_Paper-Prefix.pch"; sourceTree = "<group>"; };
		79A2B2581814D45C0091CBAA /* AppDelegate.h */ = {isa = PBXFileReference; lastKnownFileType = sourcecode.c.h; path = AppDelegate.h; sourceTree = "<group>"; };
		79A2B2591814D45C0091CBAA /* AppDelegate.mm */ = {isa = PBXFileReference; lastKnownFileType = sourcecode.cpp.objcpp; path = AppDelegate.mm; sourceTree = "<group>"; };
		79A2B25B1814D45C0091CBAA /* Default.png */ = {isa = PBXFileReference; lastKnownFileType = image.png; path = Default.png; sourceTree = "<group>"; };
		79A2B25D1814D45C0091CBAA /* Default@2x.png */ = {isa = PBXFileReference; lastKnownFileType = image.png; path = "Default@2x.png"; sourceTree = "<group>"; };
		79A2B25F1814D45C0091CBAA /* Default-568h@2x.png */ = {isa = PBXFileReference; lastKnownFileType = image.png; path = "Default-568h@2x.png"; sourceTree = "<group>"; };
		79A2B2651814D45C0091CBAA /* ViewController.h */ = {isa = PBXFileReference; lastKnownFileType = sourcecode.c.h; path = ViewController.h; sourceTree = "<group>"; };
		79A2B2661814D45C0091CBAA /* ViewController.mm */ = {isa = PBXFileReference; lastKnownFileType = sourcecode.cpp.objcpp; path = ViewController.mm; sourceTree = "<group>"; };
		79A2B2741814D4C90091CBAA /* Shader.fsh */ = {isa = PBXFileReference; fileEncoding = 4; lastKnownFileType = sourcecode.glsl; path = Shader.fsh; sourceTree = "<group>"; };
		79A2B2751814D4C90091CBAA /* Shader.vsh */ = {isa = PBXFileReference; fileEncoding = 4; lastKnownFileType = sourcecode.glsl; path = Shader.vsh; sourceTree = "<group>"; };
		79A2B2781814D62A0091CBAA /* Define.h */ = {isa = PBXFileReference; fileEncoding = 4; lastKnownFileType = sourcecode.c.h; path = Define.h; sourceTree = "<group>"; };
		79E925591814FFD100707886 /* GLBatch.h */ = {isa = PBXFileReference; fileEncoding = 4; lastKnownFileType = sourcecode.c.h; path = GLBatch.h; sourceTree = "<group>"; };
		79E9255A1814FFD100707886 /* GLBatchBase.h */ = {isa = PBXFileReference; fileEncoding = 4; lastKnownFileType = sourcecode.c.h; path = GLBatchBase.h; sourceTree = "<group>"; };
		79E9255B1814FFD100707886 /* GLFrame.h */ = {isa = PBXFileReference; fileEncoding = 4; lastKnownFileType = sourcecode.c.h; path = GLFrame.h; sourceTree = "<group>"; };
		79E9255C1814FFD100707886 /* GLFrustum.h */ = {isa = PBXFileReference; fileEncoding = 4; lastKnownFileType = sourcecode.c.h; path = GLFrustum.h; sourceTree = "<group>"; };
		79E9255D1814FFD100707886 /* GLGeometryTransform.h */ = {isa = PBXFileReference; fileEncoding = 4; lastKnownFileType = sourcecode.c.h; path = GLGeometryTransform.h; sourceTree = "<group>"; };
		79E9255E1814FFD100707886 /* GLMatrixStack.h */ = {isa = PBXFileReference; fileEncoding = 4; lastKnownFileType = sourcecode.c.h; path = GLMatrixStack.h; sourceTree = "<group>"; };
		79E9255F1814FFD100707886 /* GLShaderManager.h */ = {isa = PBXFileReference; fileEncoding = 4; lastKnownFileType = sourcecode.c.h; path = GLShaderManager.h; sourceTree = "<group>"; };
		79E925601814FFD100707886 /* GLTools.h */ = {isa = PBXFileReference; fileEncoding = 4; lastKnownFileType = sourcecode.c.h; path = GLTools.h; sourceTree = "<group>"; };
		79E925611814FFD100707886 /* GLTriangleBatch.h */ = {isa = PBXFileReference; fileEncoding = 4; lastKnownFileType = sourcecode.c.h; path = GLTriangleBatch.h; sourceTree = "<group>"; };
		79E925621814FFD100707886 /* math3d.h */ = {isa = PBXFileReference; fileEncoding = 4; lastKnownFileType = sourcecode.c.h; path = math3d.h; sourceTree = "<group>"; };
		79E925631814FFD100707886 /* StopWatch.h */ = {isa = PBXFileReference; fileEncoding = 4; lastKnownFileType = sourcecode.c.h; path = StopWatch.h; sourceTree = "<group>"; };
		79E925661815024600707886 /* QuartzCore.framework */ = {isa = PBXFileReference; lastKnownFileType = wrapper.framework; name = QuartzCore.framework; path = System/Library/Frameworks/QuartzCore.framework; sourceTree = SDKROOT; };
		79E92568181502AE00707886 /* GLBatch.cpp */ = {isa = PBXFileReference; fileEncoding = 4; lastKnownFileType = sourcecode.cpp.cpp; path = GLBatch.cpp; sourceTree = "<group>"; };
		79E92569181502AE00707886 /* GLShaderManager.cpp */ = {isa = PBXFileReference; fileEncoding = 4; lastKnownFileType = sourcecode.cpp.cpp; path = GLShaderManager.cpp; sourceTree = "<group>"; };
		79E9256A181502AE00707886 /* GLTools.cpp */ = {isa = PBXFileReference; fileEncoding = 4; lastKnownFileType = sourcecode.cpp.cpp; path = GLTools.cpp; sourceTree = "<group>"; };
		79E9256B181502AE00707886 /* GLTriangleBatch.cpp */ = {isa = PBXFileReference; fileEncoding = 4; lastKnownFileType = sourcecode.cpp.cpp; path = GLTriangleBatch.cpp; sourceTree = "<group>"; };
		79E9256C181502AE00707886 /* math3d.cpp */ = {isa = PBXFileReference; fileEncoding = 4; lastKnownFileType = sourcecode.cpp.cpp; path = math3d.cpp; sourceTree = "<group>"; };
/* End PBXFileReference section */

/* Begin PBXFrameworksBuildPhase section */
		79A2B23F1814D45C0091CBAA /* Frameworks */ = {
			isa = PBXFrameworksBuildPhase;
			buildActionMask = 2147483647;
			files = (
				79E925671815024600707886 /* QuartzCore.framework in Frameworks */,
				79A2B2461814D45C0091CBAA /* UIKit.framework in Frameworks */,
				79A2B2481814D45C0091CBAA /* Foundation.framework in Frameworks */,
				79A2B24A1814D45C0091CBAA /* CoreGraphics.framework in Frameworks */,
				79A2B24C1814D45C0091CBAA /* GLKit.framework in Frameworks */,
				79A2B24E1814D45C0091CBAA /* OpenGLES.framework in Frameworks */,
			);
			runOnlyForDeploymentPostprocessing = 0;
		};
/* End PBXFrameworksBuildPhase section */

/* Begin PBXGroup section */
		79A2B2391814D45C0091CBAA = {
			isa = PBXGroup;
			children = (
				79A2B24F1814D45C0091CBAA /* GLES_Paper */,
				79A2B2441814D45C0091CBAA /* Frameworks */,
				79A2B2431814D45C0091CBAA /* Products */,
			);
			sourceTree = "<group>";
		};
		79A2B2431814D45C0091CBAA /* Products */ = {
			isa = PBXGroup;
			children = (
				79A2B2421814D45C0091CBAA /* GLES_Paper.app */,
			);
			name = Products;
			sourceTree = "<group>";
		};
		79A2B2441814D45C0091CBAA /* Frameworks */ = {
			isa = PBXGroup;
			children = (
				79E925661815024600707886 /* QuartzCore.framework */,
				79A2B2451814D45C0091CBAA /* UIKit.framework */,
				79A2B2471814D45C0091CBAA /* Foundation.framework */,
				79A2B2491814D45C0091CBAA /* CoreGraphics.framework */,
				79A2B24B1814D45C0091CBAA /* GLKit.framework */,
				79A2B24D1814D45C0091CBAA /* OpenGLES.framework */,
			);
			name = Frameworks;
			sourceTree = "<group>";
		};
		79A2B24F1814D45C0091CBAA /* GLES_Paper */ = {
			isa = PBXGroup;
			children = (
				79A2B2781814D62A0091CBAA /* Define.h */,
				79A2B2581814D45C0091CBAA /* AppDelegate.h */,
				79A2B2591814D45C0091CBAA /* AppDelegate.mm */,
				79A2B2651814D45C0091CBAA /* ViewController.h */,
				79A2B2661814D45C0091CBAA /* ViewController.mm */,
				79E925571814FFD100707886 /* GLTools */,
				79A2B2731814D4C90091CBAA /* Shaders */,
				79A2B2501814D45C0091CBAA /* Supporting Files */,
			);
			path = GLES_Paper;
			sourceTree = "<group>";
		};
		79A2B2501814D45C0091CBAA /* Supporting Files */ = {
			isa = PBXGroup;
			children = (
				79A2B2511814D45C0091CBAA /* GLES_Paper-Info.plist */,
				79A2B2521814D45C0091CBAA /* InfoPlist.strings */,
				79A2B2551814D45C0091CBAA /* main.m */,
				79A2B2571814D45C0091CBAA /* GLES_Paper-Prefix.pch */,
				79A2B25B1814D45C0091CBAA /* Default.png */,
				79A2B25D1814D45C0091CBAA /* Default@2x.png */,
				79A2B25F1814D45C0091CBAA /* Default-568h@2x.png */,
			);
			name = "Supporting Files";
			sourceTree = "<group>";
		};
		79A2B2731814D4C90091CBAA /* Shaders */ = {
			isa = PBXGroup;
			children = (
				79A2B2741814D4C90091CBAA /* Shader.fsh */,
				79A2B2751814D4C90091CBAA /* Shader.vsh */,
			);
			path = Shaders;
			sourceTree = "<group>";
		};
		79E925571814FFD100707886 /* GLTools */ = {
			isa = PBXGroup;
			children = (
				79E925581814FFD100707886 /* include */,
				79E92568181502AE00707886 /* GLBatch.cpp */,
				79E92569181502AE00707886 /* GLShaderManager.cpp */,
				79E9256A181502AE00707886 /* GLTools.cpp */,
				79E9256B181502AE00707886 /* GLTriangleBatch.cpp */,
				79E9256C181502AE00707886 /* math3d.cpp */,
			);
			path = GLTools;
			sourceTree = "<group>";
		};
		79E925581814FFD100707886 /* include */ = {
			isa = PBXGroup;
			children = (
				79E925591814FFD100707886 /* GLBatch.h */,
				79E9255A1814FFD100707886 /* GLBatchBase.h */,
				79E9255B1814FFD100707886 /* GLFrame.h */,
				79E9255C1814FFD100707886 /* GLFrustum.h */,
				79E9255D1814FFD100707886 /* GLGeometryTransform.h */,
				79E9255E1814FFD100707886 /* GLMatrixStack.h */,
				79E9255F1814FFD100707886 /* GLShaderManager.h */,
				79E925601814FFD100707886 /* GLTools.h */,
				79E925611814FFD100707886 /* GLTriangleBatch.h */,
				79E925621814FFD100707886 /* math3d.h */,
				79E925631814FFD100707886 /* StopWatch.h */,
			);
			path = include;
			sourceTree = "<group>";
		};
/* End PBXGroup section */

/* Begin PBXNativeTarget section */
		79A2B2411814D45C0091CBAA /* GLES_Paper */ = {
			isa = PBXNativeTarget;
			buildConfigurationList = 79A2B2701814D45C0091CBAA /* Build configuration list for PBXNativeTarget "GLES_Paper" */;
			buildPhases = (
				79A2B23E1814D45C0091CBAA /* Sources */,
				79A2B23F1814D45C0091CBAA /* Frameworks */,
				79A2B2401814D45C0091CBAA /* Resources */,
			);
			buildRules = (
			);
			dependencies = (
			);
			name = GLES_Paper;
			productName = GLES_Paper;
			productReference = 79A2B2421814D45C0091CBAA /* GLES_Paper.app */;
			productType = "com.apple.product-type.application";
		};
/* End PBXNativeTarget section */

/* Begin PBXProject section */
		79A2B23A1814D45C0091CBAA /* Project object */ = {
			isa = PBXProject;
			attributes = {
				LastUpgradeCheck = 0460;
				ORGANIZATIONNAME = Dawn;
			};
			buildConfigurationList = 79A2B23D1814D45C0091CBAA /* Build configuration list for PBXProject "GLES_Paper" */;
			compatibilityVersion = "Xcode 3.2";
			developmentRegion = English;
			hasScannedForEncodings = 0;
			knownRegions = (
				en,
			);
			mainGroup = 79A2B2391814D45C0091CBAA;
			productRefGroup = 79A2B2431814D45C0091CBAA /* Products */;
			projectDirPath = "";
			projectRoot = "";
			targets = (
				79A2B2411814D45C0091CBAA /* GLES_Paper */,
			);
		};
/* End PBXProject section */

/* Begin PBXResourcesBuildPhase section */
		79A2B2401814D45C0091CBAA /* Resources */ = {
			isa = PBXResourcesBuildPhase;
			buildActionMask = 2147483647;
			files = (
				79A2B2541814D45C0091CBAA /* InfoPlist.strings in Resources */,
				79A2B25C1814D45C0091CBAA /* Default.png in Resources */,
				79A2B25E1814D45C0091CBAA /* Default@2x.png in Resources */,
				79A2B2601814D45C0091CBAA /* Default-568h@2x.png in Resources */,
			);
			runOnlyForDeploymentPostprocessing = 0;
		};
/* End PBXResourcesBuildPhase section */

/* Begin PBXSourcesBuildPhase section */
		79A2B23E1814D45C0091CBAA /* Sources */ = {
			isa = PBXSourcesBuildPhase;
			buildActionMask = 2147483647;
			files = (
				79A2B2561814D45C0091CBAA /* main.m in Sources */,
				79A2B25A1814D45C0091CBAA /* AppDelegate.mm in Sources */,
				79A2B2671814D45C0091CBAA /* ViewController.mm in Sources */,
				79A2B2761814D4C90091CBAA /* Shader.fsh in Sources */,
				79A2B2771814D4C90091CBAA /* Shader.vsh in Sources */,
				79E9256D181502AE00707886 /* GLBatch.cpp in Sources */,
				79E9256E181502AE00707886 /* GLShaderManager.cpp in Sources */,
				79E9256F181502AE00707886 /* GLTools.cpp in Sources */,
				79E92570181502AE00707886 /* GLTriangleBatch.cpp in Sources */,
				79E92571181502AE00707886 /* math3d.cpp in Sources */,
			);
			runOnlyForDeploymentPostprocessing = 0;
		};
/* End PBXSourcesBuildPhase section */

/* Begin PBXVariantGroup section */
		79A2B2521814D45C0091CBAA /* InfoPlist.strings */ = {
			isa = PBXVariantGroup;
			children = (
				79A2B2531814D45C0091CBAA /* en */,
			);
			name = InfoPlist.strings;
			sourceTree = "<group>";
		};
/* End PBXVariantGroup section */

/* Begin XCBuildConfiguration section */
		79A2B26E1814D45C0091CBAA /* Debug */ = {
			isa = XCBuildConfiguration;
			buildSettings = {
				ALWAYS_SEARCH_USER_PATHS = NO;
				ARCHS = "$(ARCHS_STANDARD_32_BIT)";
				CLANG_CXX_LANGUAGE_STANDARD = "gnu++0x";
				CLANG_CXX_LIBRARY = "libstdc++";
				CLANG_WARN_CONSTANT_CONVERSION = YES;
				CLANG_WARN_EMPTY_BODY = YES;
				CLANG_WARN_ENUM_CONVERSION = YES;
				CLANG_WARN_INT_CONVERSION = YES;
				CLANG_WARN__DUPLICATE_METHOD_MATCH = YES;
				"CODE_SIGN_IDENTITY[sdk=iphoneos*]" = "iPhone Developer";
				COPY_PHASE_STRIP = NO;
				GCC_C_LANGUAGE_STANDARD = gnu99;
				GCC_DYNAMIC_NO_PIC = NO;
				GCC_OPTIMIZATION_LEVEL = 0;
				GCC_PREPROCESSOR_DEFINITIONS = (
					"DEBUG=1",
					"$(inherited)",
				);
				GCC_SYMBOLS_PRIVATE_EXTERN = NO;
				GCC_VERSION = "";
				GCC_WARN_ABOUT_RETURN_TYPE = YES;
				GCC_WARN_UNINITIALIZED_AUTOS = YES;
				GCC_WARN_UNUSED_VARIABLE = YES;
				IPHONEOS_DEPLOYMENT_TARGET = 4.3;
				ONLY_ACTIVE_ARCH = YES;
				SDKROOT = iphoneos;
				TARGETED_DEVICE_FAMILY = "1,2";
				VALID_ARCHS = "armv7 armv7s";
			};
			name = Debug;
		};
		79A2B26F1814D45C0091CBAA /* Release */ = {
			isa = XCBuildConfiguration;
			buildSettings = {
				ALWAYS_SEARCH_USER_PATHS = NO;
				ARCHS = "$(ARCHS_STANDARD_32_BIT)";
				CLANG_CXX_LANGUAGE_STANDARD = "gnu++0x";
				CLANG_CXX_LIBRARY = "libstdc++";
				CLANG_WARN_CONSTANT_CONVERSION = YES;
				CLANG_WARN_EMPTY_BODY = YES;
				CLANG_WARN_ENUM_CONVERSION = YES;
				CLANG_WARN_INT_CONVERSION = YES;
				CLANG_WARN__DUPLICATE_METHOD_MATCH = YES;
				"CODE_SIGN_IDENTITY[sdk=iphoneos*]" = "iPhone Developer";
				COPY_PHASE_STRIP = YES;
				GCC_C_LANGUAGE_STANDARD = gnu99;
				GCC_VERSION = "";
				GCC_WARN_ABOUT_RETURN_TYPE = YES;
				GCC_WARN_UNINITIALIZED_AUTOS = YES;
				GCC_WARN_UNUSED_VARIABLE = YES;
				IPHONEOS_DEPLOYMENT_TARGET = 4.3;
				OTHER_CFLAGS = "-DNS_BLOCK_ASSERTIONS=1";
				SDKROOT = iphoneos;
				TARGETED_DEVICE_FAMILY = "1,2";
				VALIDATE_PRODUCT = YES;
				VALID_ARCHS = "armv7 armv7s";
			};
			name = Release;
		};
		79A2B2711814D45C0091CBAA /* Debug */ = {
			isa = XCBuildConfiguration;
			buildSettings = {
				ARCHS = "$(ARCHS_STANDARD_32_BIT)";
				GCC_PRECOMPILE_PREFIX_HEADER = YES;
				GCC_PREFIX_HEADER = "GLES_Paper/GLES_Paper-Prefix.pch";
				INFOPLIST_FILE = "GLES_Paper/GLES_Paper-Info.plist";
				LIBRARY_SEARCH_PATHS = (
					"$(inherited)",
					"\"$(SRCROOT)/GLES_Paper/GLTools\"",
				);
				PRODUCT_NAME = "$(TARGET_NAME)";
				WRAPPER_EXTENSION = app;
			};
			name = Debug;
		};
		79A2B2721814D45C0091CBAA /* Release */ = {
			isa = XCBuildConfiguration;
			buildSettings = {
				ARCHS = "$(ARCHS_STANDARD_32_BIT)";
				GCC_PRECOMPILE_PREFIX_HEADER = YES;
				GCC_PREFIX_HEADER = "GLES_Paper/GLES_Paper-Prefix.pch";
				INFOPLIST_FILE = "GLES_Paper/GLES_Paper-Info.plist";
				LIBRARY_SEARCH_PATHS = (
					"$(inherited)",
					"\"$(SRCROOT)/GLES_Paper/GLTools\"",
				);
				PRODUCT_NAME = "$(TARGET_NAME)";
				WRAPPER_EXTENSION = app;
			};
			name = Release;
		};
/* End XCBuildConfiguration section */

/* Begin XCConfigurationList section */
		79A2B23D1814D45C0091CBAA /* Build configuration list for PBXProject "GLES_Paper" */ = {
			isa = XCConfigurationList;
			buildConfigurations = (
				79A2B26E1814D45C0091CBAA /* Debug */,
				79A2B26F1814D45C0091CBAA /* Release */,
			);
			defaultConfigurationIsVisible = 0;
			defaultConfigurationName = Release;
		};
		79A2B2701814D45C0091CBAA /* Build configuration list for PBXNativeTarget "GLES_Paper" */ = {
			isa = XCConfigurationList;
			buildConfigurations = (
				79A2B2711814D45C0091CBAA /* Debug */,
				79A2B2721814D45C0091CBAA /* Release */,
			);
			defaultConfigurationIsVisible = 0;
			defaultConfigurationName = Release;
		};
/* End XCConfigurationList section */
	};
	rootObject = 79A2B23A1814D45C0091CBAA /* Project object */;
}
