// !$*UTF8*$!
{
	archiveVersion = 1;
	classes = {
	};
	objectVersion = 46;
	objects = {

/* Begin PBXBuildFile section */
		79261E46183DC426005B8ABF /* image_0.jpeg in Resources */ = {isa = PBXBuildFile; fileRef = 79261E23183DC426005B8ABF /* image_0.jpeg */; };
		79261E47183DC426005B8ABF /* image_1.jpeg in Resources */ = {isa = PBXBuildFile; fileRef = 79261E24183DC426005B8ABF /* image_1.jpeg */; };
		79261E48183DC426005B8ABF /* image_2.jpeg in Resources */ = {isa = PBXBuildFile; fileRef = 79261E25183DC426005B8ABF /* image_2.jpeg */; };
		79261E49183DC426005B8ABF /* image_3.jpeg in Resources */ = {isa = PBXBuildFile; fileRef = 79261E26183DC426005B8ABF /* image_3.jpeg */; };
		79261E4A183DC426005B8ABF /* image_4.jpeg in Resources */ = {isa = PBXBuildFile; fileRef = 79261E27183DC426005B8ABF /* image_4.jpeg */; };
		79261E4B183DC426005B8ABF /* image_5.jpeg in Resources */ = {isa = PBXBuildFile; fileRef = 79261E28183DC426005B8ABF /* image_5.jpeg */; };
		79261E4C183DC426005B8ABF /* image_6.jpeg in Resources */ = {isa = PBXBuildFile; fileRef = 79261E29183DC426005B8ABF /* image_6.jpeg */; };
		79261E4D183DC426005B8ABF /* image_7.jpeg in Resources */ = {isa = PBXBuildFile; fileRef = 79261E2A183DC426005B8ABF /* image_7.jpeg */; };
		79261E4E183DC426005B8ABF /* image_8.jpeg in Resources */ = {isa = PBXBuildFile; fileRef = 79261E2B183DC426005B8ABF /* image_8.jpeg */; };
		79261E4F183DC426005B8ABF /* image_9.jpeg in Resources */ = {isa = PBXBuildFile; fileRef = 79261E2C183DC426005B8ABF /* image_9.jpeg */; };
		79261E50183DC426005B8ABF /* image_10.jpeg in Resources */ = {isa = PBXBuildFile; fileRef = 79261E2D183DC426005B8ABF /* image_10.jpeg */; };
		79261E51183DC426005B8ABF /* image_11.jpeg in Resources */ = {isa = PBXBuildFile; fileRef = 79261E2E183DC426005B8ABF /* image_11.jpeg */; };
		79261E52183DC426005B8ABF /* image_12.jpeg in Resources */ = {isa = PBXBuildFile; fileRef = 79261E2F183DC426005B8ABF /* image_12.jpeg */; };
		79261E53183DC426005B8ABF /* image_13.jpeg in Resources */ = {isa = PBXBuildFile; fileRef = 79261E30183DC426005B8ABF /* image_13.jpeg */; };
		79261E54183DC426005B8ABF /* image_14.jpeg in Resources */ = {isa = PBXBuildFile; fileRef = 79261E31183DC426005B8ABF /* image_14.jpeg */; };
		79261E55183DC426005B8ABF /* image_15.jpeg in Resources */ = {isa = PBXBuildFile; fileRef = 79261E32183DC426005B8ABF /* image_15.jpeg */; };
		79261E56183DC426005B8ABF /* image_16.jpeg in Resources */ = {isa = PBXBuildFile; fileRef = 79261E33183DC426005B8ABF /* image_16.jpeg */; };
		79261E57183DC426005B8ABF /* image_17.jpeg in Resources */ = {isa = PBXBuildFile; fileRef = 79261E34183DC426005B8ABF /* image_17.jpeg */; };
		79261E58183DC426005B8ABF /* image_18.jpeg in Resources */ = {isa = PBXBuildFile; fileRef = 79261E35183DC426005B8ABF /* image_18.jpeg */; };
		79261E59183DC426005B8ABF /* image_19.jpeg in Resources */ = {isa = PBXBuildFile; fileRef = 79261E36183DC426005B8ABF /* image_19.jpeg */; };
		79261E5A183DC426005B8ABF /* image_20.jpeg in Resources */ = {isa = PBXBuildFile; fileRef = 79261E37183DC426005B8ABF /* image_20.jpeg */; };
		79261E5B183DC426005B8ABF /* image_21.jpeg in Resources */ = {isa = PBXBuildFile; fileRef = 79261E38183DC426005B8ABF /* image_21.jpeg */; };
		79261E5C183DC426005B8ABF /* image_22.jpeg in Resources */ = {isa = PBXBuildFile; fileRef = 79261E39183DC426005B8ABF /* image_22.jpeg */; };
		79261E5D183DC426005B8ABF /* image_23.jpeg in Resources */ = {isa = PBXBuildFile; fileRef = 79261E3A183DC426005B8ABF /* image_23.jpeg */; };
		79261E5E183DC426005B8ABF /* image_24.jpeg in Resources */ = {isa = PBXBuildFile; fileRef = 79261E3B183DC426005B8ABF /* image_24.jpeg */; };
		79261E5F183DC426005B8ABF /* image_25.jpeg in Resources */ = {isa = PBXBuildFile; fileRef = 79261E3C183DC426005B8ABF /* image_25.jpeg */; };
		79261E60183DC426005B8ABF /* image_26.jpeg in Resources */ = {isa = PBXBuildFile; fileRef = 79261E3D183DC426005B8ABF /* image_26.jpeg */; };
		79261E61183DC426005B8ABF /* image_27.jpeg in Resources */ = {isa = PBXBuildFile; fileRef = 79261E3E183DC426005B8ABF /* image_27.jpeg */; };
		79261E62183DC426005B8ABF /* image_28.jpeg in Resources */ = {isa = PBXBuildFile; fileRef = 79261E3F183DC426005B8ABF /* image_28.jpeg */; };
		79261E63183DC426005B8ABF /* image_29.jpeg in Resources */ = {isa = PBXBuildFile; fileRef = 79261E40183DC426005B8ABF /* image_29.jpeg */; };
		79261E64183DC426005B8ABF /* image_30.jpeg in Resources */ = {isa = PBXBuildFile; fileRef = 79261E41183DC426005B8ABF /* image_30.jpeg */; };
		79261E65183DC426005B8ABF /* image_31.jpeg in Resources */ = {isa = PBXBuildFile; fileRef = 79261E42183DC426005B8ABF /* image_31.jpeg */; };
		79261E66183DC426005B8ABF /* image_32.jpeg in Resources */ = {isa = PBXBuildFile; fileRef = 79261E43183DC426005B8ABF /* image_32.jpeg */; };
		79261E67183DC426005B8ABF /* image_33.jpeg in Resources */ = {isa = PBXBuildFile; fileRef = 79261E44183DC426005B8ABF /* image_33.jpeg */; };
		79261E68183DC426005B8ABF /* image_34.jpeg in Resources */ = {isa = PBXBuildFile; fileRef = 79261E45183DC426005B8ABF /* image_34.jpeg */; };
		792C936D181FC23A00D7BFE7 /* test.m in Sources */ = {isa = PBXBuildFile; fileRef = 792C936C181FC23A00D7BFE7 /* test.m */; };
		79486A4F18210109009CD7C1 /* BackgroundFlatLight.vsh in Resources */ = {isa = PBXBuildFile; fileRef = 79486A4E18210109009CD7C1 /* BackgroundFlatLight.vsh */; };
		79486A511821013C009CD7C1 /* BackgroundFlatLight.fsh in Resources */ = {isa = PBXBuildFile; fileRef = 79486A501821013C009CD7C1 /* BackgroundFlatLight.fsh */; };
		7951B40A183329FE000839DB /* PaperAnimation.mm in Sources */ = {isa = PBXBuildFile; fileRef = 7951B409183329FE000839DB /* PaperAnimation.mm */; };
		7976171D181F61570093D43E /* GLKit.framework in Frameworks */ = {isa = PBXBuildFile; fileRef = 7976171C181F61570093D43E /* GLKit.framework */; settings = {ATTRIBUTES = (Weak, ); }; };
		797658BC181F66C9006EB977 /* GLBatch.cpp in Sources */ = {isa = PBXBuildFile; fileRef = 797658B7181F66C9006EB977 /* GLBatch.cpp */; };
		797658BD181F66C9006EB977 /* GLShaderManager.cpp in Sources */ = {isa = PBXBuildFile; fileRef = 797658B8181F66C9006EB977 /* GLShaderManager.cpp */; };
		797658BE181F66C9006EB977 /* GLTools.cpp in Sources */ = {isa = PBXBuildFile; fileRef = 797658B9181F66C9006EB977 /* GLTools.cpp */; };
		797658BF181F66C9006EB977 /* GLTriangleBatch.cpp in Sources */ = {isa = PBXBuildFile; fileRef = 797658BA181F66C9006EB977 /* GLTriangleBatch.cpp */; };
		797658C0181F66C9006EB977 /* math3d.cpp in Sources */ = {isa = PBXBuildFile; fileRef = 797658BB181F66C9006EB977 /* math3d.cpp */; };
		79A2B2461814D45C0091CBAA /* UIKit.framework in Frameworks */ = {isa = PBXBuildFile; fileRef = 79A2B2451814D45C0091CBAA /* UIKit.framework */; };
		79A2B2481814D45C0091CBAA /* Foundation.framework in Frameworks */ = {isa = PBXBuildFile; fileRef = 79A2B2471814D45C0091CBAA /* Foundation.framework */; };
		79A2B24A1814D45C0091CBAA /* CoreGraphics.framework in Frameworks */ = {isa = PBXBuildFile; fileRef = 79A2B2491814D45C0091CBAA /* CoreGraphics.framework */; };
		79A2B24E1814D45C0091CBAA /* OpenGLES.framework in Frameworks */ = {isa = PBXBuildFile; fileRef = 79A2B24D1814D45C0091CBAA /* OpenGLES.framework */; };
		79A2B2541814D45C0091CBAA /* InfoPlist.strings in Resources */ = {isa = PBXBuildFile; fileRef = 79A2B2521814D45C0091CBAA /* InfoPlist.strings */; };
		79A2B2561814D45C0091CBAA /* main.m in Sources */ = {isa = PBXBuildFile; fileRef = 79A2B2551814D45C0091CBAA /* main.m */; };
		79A2B25A1814D45C0091CBAA /* AppDelegate.mm in Sources */ = {isa = PBXBuildFile; fileRef = 79A2B2591814D45C0091CBAA /* AppDelegate.mm */; };
		79A2B25C1814D45C0091CBAA /* Default.png in Resources */ = {isa = PBXBuildFile; fileRef = 79A2B25B1814D45C0091CBAA /* Default.png */; };
		79A2B25E1814D45C0091CBAA /* Default@2x.png in Resources */ = {isa = PBXBuildFile; fileRef = 79A2B25D1814D45C0091CBAA /* Default@2x.png */; };
		79A2B2601814D45C0091CBAA /* Default-568h@2x.png in Resources */ = {isa = PBXBuildFile; fileRef = 79A2B25F1814D45C0091CBAA /* Default-568h@2x.png */; };
		79A2B2671814D45C0091CBAA /* ViewController.mm in Sources */ = {isa = PBXBuildFile; fileRef = 79A2B2661814D45C0091CBAA /* ViewController.mm */; };
		79E925671815024600707886 /* QuartzCore.framework in Frameworks */ = {isa = PBXBuildFile; fileRef = 79E925661815024600707886 /* QuartzCore.framework */; };
		DD25BB55181FEAC000158950 /* PaperFlatLight.vsh in Resources */ = {isa = PBXBuildFile; fileRef = DD25BB51181FEA9000158950 /* PaperFlatLight.vsh */; };
		DD25BB56181FEAC000158950 /* PaperFlatLight.fsh in Resources */ = {isa = PBXBuildFile; fileRef = DD25BB53181FEAA100158950 /* PaperFlatLight.fsh */; };
		DD6C2DA31824012A00B51778 /* sex.png in Resources */ = {isa = PBXBuildFile; fileRef = DD6C2DA21824012A00B51778 /* sex.png */; };
		DD735FF8182E51EC00D57B4E /* PaperShadow.vsh in Resources */ = {isa = PBXBuildFile; fileRef = DD735FF7182E51EC00D57B4E /* PaperShadow.vsh */; };
		DD735FFA182E51FA00D57B4E /* PaperShadow.fsh in Resources */ = {isa = PBXBuildFile; fileRef = DD735FF9182E51FA00D57B4E /* PaperShadow.fsh */; };
		DD735FFC182E6C4E00D57B4E /* shadow.png in Resources */ = {isa = PBXBuildFile; fileRef = DD735FFB182E6C4E00D57B4E /* shadow.png */; };
/* End PBXBuildFile section */

/* Begin PBXFileReference section */
		79261E23183DC426005B8ABF /* image_0.jpeg */ = {isa = PBXFileReference; lastKnownFileType = image.jpeg; path = image_0.jpeg; sourceTree = "<group>"; };
		79261E24183DC426005B8ABF /* image_1.jpeg */ = {isa = PBXFileReference; lastKnownFileType = image.jpeg; path = image_1.jpeg; sourceTree = "<group>"; };
		79261E25183DC426005B8ABF /* image_2.jpeg */ = {isa = PBXFileReference; lastKnownFileType = image.jpeg; path = image_2.jpeg; sourceTree = "<group>"; };
		79261E26183DC426005B8ABF /* image_3.jpeg */ = {isa = PBXFileReference; lastKnownFileType = image.jpeg; path = image_3.jpeg; sourceTree = "<group>"; };
		79261E27183DC426005B8ABF /* image_4.jpeg */ = {isa = PBXFileReference; lastKnownFileType = image.jpeg; path = image_4.jpeg; sourceTree = "<group>"; };
		79261E28183DC426005B8ABF /* image_5.jpeg */ = {isa = PBXFileReference; lastKnownFileType = image.jpeg; path = image_5.jpeg; sourceTree = "<group>"; };
		79261E29183DC426005B8ABF /* image_6.jpeg */ = {isa = PBXFileReference; lastKnownFileType = image.jpeg; path = image_6.jpeg; sourceTree = "<group>"; };
		79261E2A183DC426005B8ABF /* image_7.jpeg */ = {isa = PBXFileReference; lastKnownFileType = image.jpeg; path = image_7.jpeg; sourceTree = "<group>"; };
		79261E2B183DC426005B8ABF /* image_8.jpeg */ = {isa = PBXFileReference; lastKnownFileType = image.jpeg; path = image_8.jpeg; sourceTree = "<group>"; };
		79261E2C183DC426005B8ABF /* image_9.jpeg */ = {isa = PBXFileReference; lastKnownFileType = image.jpeg; path = image_9.jpeg; sourceTree = "<group>"; };
		79261E2D183DC426005B8ABF /* image_10.jpeg */ = {isa = PBXFileReference; lastKnownFileType = image.jpeg; path = image_10.jpeg; sourceTree = "<group>"; };
		79261E2E183DC426005B8ABF /* image_11.jpeg */ = {isa = PBXFileReference; lastKnownFileType = image.jpeg; path = image_11.jpeg; sourceTree = "<group>"; };
		79261E2F183DC426005B8ABF /* image_12.jpeg */ = {isa = PBXFileReference; lastKnownFileType = image.jpeg; path = image_12.jpeg; sourceTree = "<group>"; };
		79261E30183DC426005B8ABF /* image_13.jpeg */ = {isa = PBXFileReference; lastKnownFileType = image.jpeg; path = image_13.jpeg; sourceTree = "<group>"; };
		79261E31183DC426005B8ABF /* image_14.jpeg */ = {isa = PBXFileReference; lastKnownFileType = image.jpeg; path = image_14.jpeg; sourceTree = "<group>"; };
		79261E32183DC426005B8ABF /* image_15.jpeg */ = {isa = PBXFileReference; lastKnownFileType = image.jpeg; path = image_15.jpeg; sourceTree = "<group>"; };
		79261E33183DC426005B8ABF /* image_16.jpeg */ = {isa = PBXFileReference; lastKnownFileType = image.jpeg; path = image_16.jpeg; sourceTree = "<group>"; };
		79261E34183DC426005B8ABF /* image_17.jpeg */ = {isa = PBXFileReference; lastKnownFileType = image.jpeg; path = image_17.jpeg; sourceTree = "<group>"; };
		79261E35183DC426005B8ABF /* image_18.jpeg */ = {isa = PBXFileReference; lastKnownFileType = image.jpeg; path = image_18.jpeg; sourceTree = "<group>"; };
		79261E36183DC426005B8ABF /* image_19.jpeg */ = {isa = PBXFileReference; lastKnownFileType = image.jpeg; path = image_19.jpeg; sourceTree = "<group>"; };
		79261E37183DC426005B8ABF /* image_20.jpeg */ = {isa = PBXFileReference; lastKnownFileType = image.jpeg; path = image_20.jpeg; sourceTree = "<group>"; };
		79261E38183DC426005B8ABF /* image_21.jpeg */ = {isa = PBXFileReference; lastKnownFileType = image.jpeg; path = image_21.jpeg; sourceTree = "<group>"; };
		79261E39183DC426005B8ABF /* image_22.jpeg */ = {isa = PBXFileReference; lastKnownFileType = image.jpeg; path = image_22.jpeg; sourceTree = "<group>"; };
		79261E3A183DC426005B8ABF /* image_23.jpeg */ = {isa = PBXFileReference; lastKnownFileType = image.jpeg; path = image_23.jpeg; sourceTree = "<group>"; };
		79261E3B183DC426005B8ABF /* image_24.jpeg */ = {isa = PBXFileReference; lastKnownFileType = image.jpeg; path = image_24.jpeg; sourceTree = "<group>"; };
		79261E3C183DC426005B8ABF /* image_25.jpeg */ = {isa = PBXFileReference; lastKnownFileType = image.jpeg; path = image_25.jpeg; sourceTree = "<group>"; };
		79261E3D183DC426005B8ABF /* image_26.jpeg */ = {isa = PBXFileReference; lastKnownFileType = image.jpeg; path = image_26.jpeg; sourceTree = "<group>"; };
		79261E3E183DC426005B8ABF /* image_27.jpeg */ = {isa = PBXFileReference; lastKnownFileType = image.jpeg; path = image_27.jpeg; sourceTree = "<group>"; };
		79261E3F183DC426005B8ABF /* image_28.jpeg */ = {isa = PBXFileReference; lastKnownFileType = image.jpeg; path = image_28.jpeg; sourceTree = "<group>"; };
		79261E40183DC426005B8ABF /* image_29.jpeg */ = {isa = PBXFileReference; lastKnownFileType = image.jpeg; path = image_29.jpeg; sourceTree = "<group>"; };
		79261E41183DC426005B8ABF /* image_30.jpeg */ = {isa = PBXFileReference; lastKnownFileType = image.jpeg; path = image_30.jpeg; sourceTree = "<group>"; };
		79261E42183DC426005B8ABF /* image_31.jpeg */ = {isa = PBXFileReference; lastKnownFileType = image.jpeg; path = image_31.jpeg; sourceTree = "<group>"; };
		79261E43183DC426005B8ABF /* image_32.jpeg */ = {isa = PBXFileReference; lastKnownFileType = image.jpeg; path = image_32.jpeg; sourceTree = "<group>"; };
		79261E44183DC426005B8ABF /* image_33.jpeg */ = {isa = PBXFileReference; lastKnownFileType = image.jpeg; path = image_33.jpeg; sourceTree = "<group>"; };
		79261E45183DC426005B8ABF /* image_34.jpeg */ = {isa = PBXFileReference; lastKnownFileType = image.jpeg; path = image_34.jpeg; sourceTree = "<group>"; };
		792C936B181FC23A00D7BFE7 /* test.h */ = {isa = PBXFileReference; fileEncoding = 4; lastKnownFileType = sourcecode.c.h; path = test.h; sourceTree = "<group>"; };
		792C936C181FC23A00D7BFE7 /* test.m */ = {isa = PBXFileReference; fileEncoding = 4; lastKnownFileType = sourcecode.c.objc; path = test.m; sourceTree = "<group>"; };
		79486A4E18210109009CD7C1 /* BackgroundFlatLight.vsh */ = {isa = PBXFileReference; fileEncoding = 4; lastKnownFileType = sourcecode.glsl; path = BackgroundFlatLight.vsh; sourceTree = "<group>"; };
		79486A501821013C009CD7C1 /* BackgroundFlatLight.fsh */ = {isa = PBXFileReference; fileEncoding = 4; lastKnownFileType = sourcecode.glsl; path = BackgroundFlatLight.fsh; sourceTree = "<group>"; };
		7951B408183329FE000839DB /* PaperAnimation.h */ = {isa = PBXFileReference; fileEncoding = 4; lastKnownFileType = sourcecode.c.h; path = PaperAnimation.h; sourceTree = "<group>"; };
		7951B409183329FE000839DB /* PaperAnimation.mm */ = {isa = PBXFileReference; fileEncoding = 4; lastKnownFileType = sourcecode.cpp.objcpp; path = PaperAnimation.mm; sourceTree = "<group>"; };
		7976171C181F61570093D43E /* GLKit.framework */ = {isa = PBXFileReference; lastKnownFileType = wrapper.framework; name = GLKit.framework; path = System/Library/Frameworks/GLKit.framework; sourceTree = SDKROOT; };
		797658B7181F66C9006EB977 /* GLBatch.cpp */ = {isa = PBXFileReference; fileEncoding = 4; lastKnownFileType = sourcecode.cpp.cpp; path = GLBatch.cpp; sourceTree = "<group>"; };
		797658B8181F66C9006EB977 /* GLShaderManager.cpp */ = {isa = PBXFileReference; fileEncoding = 4; lastKnownFileType = sourcecode.cpp.cpp; path = GLShaderManager.cpp; sourceTree = "<group>"; };
		797658B9181F66C9006EB977 /* GLTools.cpp */ = {isa = PBXFileReference; fileEncoding = 4; lastKnownFileType = sourcecode.cpp.cpp; path = GLTools.cpp; sourceTree = "<group>"; };
		797658BA181F66C9006EB977 /* GLTriangleBatch.cpp */ = {isa = PBXFileReference; fileEncoding = 4; lastKnownFileType = sourcecode.cpp.cpp; path = GLTriangleBatch.cpp; sourceTree = "<group>"; };
		797658BB181F66C9006EB977 /* math3d.cpp */ = {isa = PBXFileReference; fileEncoding = 4; lastKnownFileType = sourcecode.cpp.cpp; path = math3d.cpp; sourceTree = "<group>"; };
		797658C5181F6F19006EB977 /* GLBatch.h */ = {isa = PBXFileReference; fileEncoding = 4; lastKnownFileType = sourcecode.c.h; path = GLBatch.h; sourceTree = "<group>"; };
		797658C6181F6F19006EB977 /* GLBatchBase.h */ = {isa = PBXFileReference; fileEncoding = 4; lastKnownFileType = sourcecode.c.h; path = GLBatchBase.h; sourceTree = "<group>"; };
		797658C8181F6F19006EB977 /* GLFrame.h */ = {isa = PBXFileReference; fileEncoding = 4; lastKnownFileType = sourcecode.c.h; path = GLFrame.h; sourceTree = "<group>"; };
		797658C9181F6F19006EB977 /* GLFrustum.h */ = {isa = PBXFileReference; fileEncoding = 4; lastKnownFileType = sourcecode.c.h; path = GLFrustum.h; sourceTree = "<group>"; };
		797658CA181F6F19006EB977 /* GLGeometryTransform.h */ = {isa = PBXFileReference; fileEncoding = 4; lastKnownFileType = sourcecode.c.h; path = GLGeometryTransform.h; sourceTree = "<group>"; };
		797658CB181F6F19006EB977 /* GLMatrixStack.h */ = {isa = PBXFileReference; fileEncoding = 4; lastKnownFileType = sourcecode.c.h; path = GLMatrixStack.h; sourceTree = "<group>"; };
		797658CC181F6F19006EB977 /* GLShaderManager.h */ = {isa = PBXFileReference; fileEncoding = 4; lastKnownFileType = sourcecode.c.h; path = GLShaderManager.h; sourceTree = "<group>"; };
		797658CD181F6F19006EB977 /* GLTools.h */ = {isa = PBXFileReference; fileEncoding = 4; lastKnownFileType = sourcecode.c.h; path = GLTools.h; sourceTree = "<group>"; };
		797658CE181F6F19006EB977 /* GLTriangleBatch.h */ = {isa = PBXFileReference; fileEncoding = 4; lastKnownFileType = sourcecode.c.h; path = GLTriangleBatch.h; sourceTree = "<group>"; };
		797658D0181F6F19006EB977 /* math3d.h */ = {isa = PBXFileReference; fileEncoding = 4; lastKnownFileType = sourcecode.c.h; path = math3d.h; sourceTree = "<group>"; };
		797658D1181F6F19006EB977 /* StopWatch.h */ = {isa = PBXFileReference; fileEncoding = 4; lastKnownFileType = sourcecode.c.h; path = StopWatch.h; sourceTree = "<group>"; };
		79A2B2421814D45C0091CBAA /* GLES_Paper.app */ = {isa = PBXFileReference; explicitFileType = wrapper.application; includeInIndex = 0; path = GLES_Paper.app; sourceTree = BUILT_PRODUCTS_DIR; };
		79A2B2451814D45C0091CBAA /* UIKit.framework */ = {isa = PBXFileReference; lastKnownFileType = wrapper.framework; name = UIKit.framework; path = System/Library/Frameworks/UIKit.framework; sourceTree = SDKROOT; };
		79A2B2471814D45C0091CBAA /* Foundation.framework */ = {isa = PBXFileReference; lastKnownFileType = wrapper.framework; name = Foundation.framework; path = System/Library/Frameworks/Foundation.framework; sourceTree = SDKROOT; };
		79A2B2491814D45C0091CBAA /* CoreGraphics.framework */ = {isa = PBXFileReference; lastKnownFileType = wrapper.framework; name = CoreGraphics.framework; path = System/Library/Frameworks/CoreGraphics.framework; sourceTree = SDKROOT; };
		79A2B24D1814D45C0091CBAA /* OpenGLES.framework */ = {isa = PBXFileReference; lastKnownFileType = wrapper.framework; name = OpenGLES.framework; path = System/Library/Frameworks/OpenGLES.framework; sourceTree = SDKROOT; };
		79A2B2511814D45C0091CBAA /* GLES_Paper-Info.plist */ = {isa = PBXFileReference; lastKnownFileType = text.plist.xml; path = "GLES_Paper-Info.plist"; sourceTree = "<group>"; };
		79A2B2531814D45C0091CBAA /* en */ = {isa = PBXFileReference; lastKnownFileType = text.plist.strings; name = en; path = en.lproj/InfoPlist.strings; sourceTree = "<group>"; };
		79A2B2551814D45C0091CBAA /* main.m */ = {isa = PBXFileReference; lastKnownFileType = sourcecode.c.objc; path = main.m; sourceTree = "<group>"; };
		79A2B2571814D45C0091CBAA /* GLES_Paper-Prefix.pch */ = {isa = PBXFileReference; lastKnownFileType = sourcecode.c.h; path = "GLES_Paper-Prefix.pch"; sourceTree = "<group>"; };
		79A2B2581814D45C0091CBAA /* AppDelegate.h */ = {isa = PBXFileReference; lastKnownFileType = sourcecode.c.h; path = AppDelegate.h; sourceTree = "<group>"; };
		79A2B2591814D45C0091CBAA /* AppDelegate.mm */ = {isa = PBXFileReference; lastKnownFileType = sourcecode.cpp.objcpp; path = AppDelegate.mm; sourceTree = "<group>"; };
		79A2B25B1814D45C0091CBAA /* Default.png */ = {isa = PBXFileReference; lastKnownFileType = image.png; path = Default.png; sourceTree = "<group>"; };
		79A2B25D1814D45C0091CBAA /* Default@2x.png */ = {isa = PBXFileReference; lastKnownFileType = image.png; path = "Default@2x.png"; sourceTree = "<group>"; };
		79A2B25F1814D45C0091CBAA /* Default-568h@2x.png */ = {isa = PBXFileReference; lastKnownFileType = image.png; path = "Default-568h@2x.png"; sourceTree = "<group>"; };
		79A2B2651814D45C0091CBAA /* ViewController.h */ = {isa = PBXFileReference; lastKnownFileType = sourcecode.c.h; path = ViewController.h; sourceTree = "<group>"; };
		79A2B2661814D45C0091CBAA /* ViewController.mm */ = {isa = PBXFileReference; lastKnownFileType = sourcecode.cpp.objcpp; path = ViewController.mm; sourceTree = "<group>"; };
		79A2B2781814D62A0091CBAA /* Define.h */ = {isa = PBXFileReference; fileEncoding = 4; lastKnownFileType = sourcecode.c.h; path = Define.h; sourceTree = "<group>"; };
		79E925661815024600707886 /* QuartzCore.framework */ = {isa = PBXFileReference; lastKnownFileType = wrapper.framework; name = QuartzCore.framework; path = System/Library/Frameworks/QuartzCore.framework; sourceTree = SDKROOT; };
		DD25BB51181FEA9000158950 /* PaperFlatLight.vsh */ = {isa = PBXFileReference; explicitFileType = sourcecode.glsl; fileEncoding = 4; path = PaperFlatLight.vsh; sourceTree = "<group>"; };
		DD25BB53181FEAA100158950 /* PaperFlatLight.fsh */ = {isa = PBXFileReference; explicitFileType = sourcecode.glsl; fileEncoding = 4; path = PaperFlatLight.fsh; sourceTree = "<group>"; };
		DD6C2DA21824012A00B51778 /* sex.png */ = {isa = PBXFileReference; lastKnownFileType = image.png; path = sex.png; sourceTree = "<group>"; };
		DD735FF7182E51EC00D57B4E /* PaperShadow.vsh */ = {isa = PBXFileReference; fileEncoding = 4; lastKnownFileType = sourcecode.glsl; path = PaperShadow.vsh; sourceTree = "<group>"; };
		DD735FF9182E51FA00D57B4E /* PaperShadow.fsh */ = {isa = PBXFileReference; fileEncoding = 4; lastKnownFileType = sourcecode.glsl; path = PaperShadow.fsh; sourceTree = "<group>"; };
		DD735FFB182E6C4E00D57B4E /* shadow.png */ = {isa = PBXFileReference; lastKnownFileType = image.png; path = shadow.png; sourceTree = "<group>"; };
/* End PBXFileReference section */

/* Begin PBXFrameworksBuildPhase section */
		79A2B23F1814D45C0091CBAA /* Frameworks */ = {
			isa = PBXFrameworksBuildPhase;
			buildActionMask = 2147483647;
			files = (
				7976171D181F61570093D43E /* GLKit.framework in Frameworks */,
				79E925671815024600707886 /* QuartzCore.framework in Frameworks */,
				79A2B2461814D45C0091CBAA /* UIKit.framework in Frameworks */,
				79A2B2481814D45C0091CBAA /* Foundation.framework in Frameworks */,
				79A2B24A1814D45C0091CBAA /* CoreGraphics.framework in Frameworks */,
				79A2B24E1814D45C0091CBAA /* OpenGLES.framework in Frameworks */,
			);
			runOnlyForDeploymentPostprocessing = 0;
		};
/* End PBXFrameworksBuildPhase section */

/* Begin PBXGroup section */
		79486A491820FC0D009CD7C1 /* Textures */ = {
			isa = PBXGroup;
			children = (
				79261E23183DC426005B8ABF /* image_0.jpeg */,
				79261E24183DC426005B8ABF /* image_1.jpeg */,
				79261E25183DC426005B8ABF /* image_2.jpeg */,
				79261E26183DC426005B8ABF /* image_3.jpeg */,
				79261E27183DC426005B8ABF /* image_4.jpeg */,
				79261E28183DC426005B8ABF /* image_5.jpeg */,
				79261E29183DC426005B8ABF /* image_6.jpeg */,
				79261E2A183DC426005B8ABF /* image_7.jpeg */,
				79261E2B183DC426005B8ABF /* image_8.jpeg */,
				79261E2C183DC426005B8ABF /* image_9.jpeg */,
				79261E2D183DC426005B8ABF /* image_10.jpeg */,
				79261E2E183DC426005B8ABF /* image_11.jpeg */,
				79261E2F183DC426005B8ABF /* image_12.jpeg */,
				79261E30183DC426005B8ABF /* image_13.jpeg */,
				79261E31183DC426005B8ABF /* image_14.jpeg */,
				79261E32183DC426005B8ABF /* image_15.jpeg */,
				79261E33183DC426005B8ABF /* image_16.jpeg */,
				79261E34183DC426005B8ABF /* image_17.jpeg */,
				79261E35183DC426005B8ABF /* image_18.jpeg */,
				79261E36183DC426005B8ABF /* image_19.jpeg */,
				79261E37183DC426005B8ABF /* image_20.jpeg */,
				79261E38183DC426005B8ABF /* image_21.jpeg */,
				79261E39183DC426005B8ABF /* image_22.jpeg */,
				79261E3A183DC426005B8ABF /* image_23.jpeg */,
				79261E3B183DC426005B8ABF /* image_24.jpeg */,
				79261E3C183DC426005B8ABF /* image_25.jpeg */,
				79261E3D183DC426005B8ABF /* image_26.jpeg */,
				79261E3E183DC426005B8ABF /* image_27.jpeg */,
				79261E3F183DC426005B8ABF /* image_28.jpeg */,
				79261E40183DC426005B8ABF /* image_29.jpeg */,
				79261E41183DC426005B8ABF /* image_30.jpeg */,
				79261E42183DC426005B8ABF /* image_31.jpeg */,
				79261E43183DC426005B8ABF /* image_32.jpeg */,
				79261E44183DC426005B8ABF /* image_33.jpeg */,
				79261E45183DC426005B8ABF /* image_34.jpeg */,
				DD735FFB182E6C4E00D57B4E /* shadow.png */,
				DD6C2DA21824012A00B51778 /* sex.png */,
			);
			path = Textures;
			sourceTree = "<group>";
		};
		797658C4181F6F19006EB977 /* include */ = {
			isa = PBXGroup;
			children = (
				797658C5181F6F19006EB977 /* GLBatch.h */,
				797658C6181F6F19006EB977 /* GLBatchBase.h */,
				797658C8181F6F19006EB977 /* GLFrame.h */,
				797658C9181F6F19006EB977 /* GLFrustum.h */,
				797658CA181F6F19006EB977 /* GLGeometryTransform.h */,
				797658CB181F6F19006EB977 /* GLMatrixStack.h */,
				797658CC181F6F19006EB977 /* GLShaderManager.h */,
				797658CD181F6F19006EB977 /* GLTools.h */,
				797658CE181F6F19006EB977 /* GLTriangleBatch.h */,
				797658D0181F6F19006EB977 /* math3d.h */,
				797658D1181F6F19006EB977 /* StopWatch.h */,
			);
			path = include;
			sourceTree = "<group>";
		};
		79A2B2391814D45C0091CBAA = {
			isa = PBXGroup;
			children = (
				79A2B24F1814D45C0091CBAA /* GLES_Paper */,
				79A2B2441814D45C0091CBAA /* Frameworks */,
				79A2B2431814D45C0091CBAA /* Products */,
			);
			sourceTree = "<group>";
		};
		79A2B2431814D45C0091CBAA /* Products */ = {
			isa = PBXGroup;
			children = (
				79A2B2421814D45C0091CBAA /* GLES_Paper.app */,
			);
			name = Products;
			sourceTree = "<group>";
		};
		79A2B2441814D45C0091CBAA /* Frameworks */ = {
			isa = PBXGroup;
			children = (
				7976171C181F61570093D43E /* GLKit.framework */,
				79E925661815024600707886 /* QuartzCore.framework */,
				79A2B2451814D45C0091CBAA /* UIKit.framework */,
				79A2B2471814D45C0091CBAA /* Foundation.framework */,
				79A2B2491814D45C0091CBAA /* CoreGraphics.framework */,
				79A2B24D1814D45C0091CBAA /* OpenGLES.framework */,
			);
			name = Frameworks;
			sourceTree = "<group>";
		};
		79A2B24F1814D45C0091CBAA /* GLES_Paper */ = {
			isa = PBXGroup;
			children = (
				DD1BA777182603F300E23218 /* ShaderModel */,
				79A2B2781814D62A0091CBAA /* Define.h */,
				79A2B2581814D45C0091CBAA /* AppDelegate.h */,
				79A2B2591814D45C0091CBAA /* AppDelegate.mm */,
				79A2B2651814D45C0091CBAA /* ViewController.h */,
				79A2B2661814D45C0091CBAA /* ViewController.mm */,
				7951B408183329FE000839DB /* PaperAnimation.h */,
				7951B409183329FE000839DB /* PaperAnimation.mm */,
				792C936B181FC23A00D7BFE7 /* test.h */,
				792C936C181FC23A00D7BFE7 /* test.m */,
				79E925571814FFD100707886 /* GLTools */,
				79A2B2501814D45C0091CBAA /* Supporting Files */,
			);
			path = GLES_Paper;
			sourceTree = "<group>";
		};
		79A2B2501814D45C0091CBAA /* Supporting Files */ = {
			isa = PBXGroup;
			children = (
				79486A491820FC0D009CD7C1 /* Textures */,
				DD25BB44181FE8AB00158950 /* Shaders */,
				79A2B2511814D45C0091CBAA /* GLES_Paper-Info.plist */,
				79A2B2521814D45C0091CBAA /* InfoPlist.strings */,
				79A2B2551814D45C0091CBAA /* main.m */,
				79A2B2571814D45C0091CBAA /* GLES_Paper-Prefix.pch */,
				79A2B25B1814D45C0091CBAA /* Default.png */,
				79A2B25D1814D45C0091CBAA /* Default@2x.png */,
				79A2B25F1814D45C0091CBAA /* Default-568h@2x.png */,
			);
			name = "Supporting Files";
			sourceTree = "<group>";
		};
		79E925571814FFD100707886 /* GLTools */ = {
			isa = PBXGroup;
			children = (
				797658C4181F6F19006EB977 /* include */,
				797658B7181F66C9006EB977 /* GLBatch.cpp */,
				797658B8181F66C9006EB977 /* GLShaderManager.cpp */,
				797658B9181F66C9006EB977 /* GLTools.cpp */,
				797658BA181F66C9006EB977 /* GLTriangleBatch.cpp */,
				797658BB181F66C9006EB977 /* math3d.cpp */,
			);
			path = GLTools;
			sourceTree = "<group>";
		};
		DD1BA777182603F300E23218 /* ShaderModel */ = {
			isa = PBXGroup;
			children = (
			);
			path = ShaderModel;
			sourceTree = "<group>";
		};
		DD25BB44181FE8AB00158950 /* Shaders */ = {
			isa = PBXGroup;
			children = (
				DD25BB51181FEA9000158950 /* PaperFlatLight.vsh */,
				DD25BB53181FEAA100158950 /* PaperFlatLight.fsh */,
				79486A4E18210109009CD7C1 /* BackgroundFlatLight.vsh */,
				79486A501821013C009CD7C1 /* BackgroundFlatLight.fsh */,
				DD735FF7182E51EC00D57B4E /* PaperShadow.vsh */,
				DD735FF9182E51FA00D57B4E /* PaperShadow.fsh */,
			);
			path = Shaders;
			sourceTree = "<group>";
		};
/* End PBXGroup section */

/* Begin PBXNativeTarget section */
		79A2B2411814D45C0091CBAA /* GLES_Paper */ = {
			isa = PBXNativeTarget;
			buildConfigurationList = 79A2B2701814D45C0091CBAA /* Build configuration list for PBXNativeTarget "GLES_Paper" */;
			buildPhases = (
				79A2B23E1814D45C0091CBAA /* Sources */,
				79A2B23F1814D45C0091CBAA /* Frameworks */,
				79A2B2401814D45C0091CBAA /* Resources */,
			);
			buildRules = (
			);
			dependencies = (
			);
			name = GLES_Paper;
			productName = GLES_Paper;
			productReference = 79A2B2421814D45C0091CBAA /* GLES_Paper.app */;
			productType = "com.apple.product-type.application";
		};
/* End PBXNativeTarget section */

/* Begin PBXProject section */
		79A2B23A1814D45C0091CBAA /* Project object */ = {
			isa = PBXProject;
			attributes = {
				LastUpgradeCheck = 0460;
				ORGANIZATIONNAME = Dawn;
			};
			buildConfigurationList = 79A2B23D1814D45C0091CBAA /* Build configuration list for PBXProject "GLES_Paper" */;
			compatibilityVersion = "Xcode 3.2";
			developmentRegion = English;
			hasScannedForEncodings = 0;
			knownRegions = (
				en,
			);
			mainGroup = 79A2B2391814D45C0091CBAA;
			productRefGroup = 79A2B2431814D45C0091CBAA /* Products */;
			projectDirPath = "";
			projectRoot = "";
			targets = (
				79A2B2411814D45C0091CBAA /* GLES_Paper */,
			);
		};
/* End PBXProject section */

/* Begin PBXResourcesBuildPhase section */
		79A2B2401814D45C0091CBAA /* Resources */ = {
			isa = PBXResourcesBuildPhase;
			buildActionMask = 2147483647;
			files = (
				DD735FF8182E51EC00D57B4E /* PaperShadow.vsh in Resources */,
				DD735FFA182E51FA00D57B4E /* PaperShadow.fsh in Resources */,
				79486A511821013C009CD7C1 /* BackgroundFlatLight.fsh in Resources */,
				79486A4F18210109009CD7C1 /* BackgroundFlatLight.vsh in Resources */,
				DD25BB55181FEAC000158950 /* PaperFlatLight.vsh in Resources */,
				DD25BB56181FEAC000158950 /* PaperFlatLight.fsh in Resources */,
				DD6C2DA31824012A00B51778 /* sex.png in Resources */,
				79A2B2541814D45C0091CBAA /* InfoPlist.strings in Resources */,
				79A2B25C1814D45C0091CBAA /* Default.png in Resources */,
				79A2B25E1814D45C0091CBAA /* Default@2x.png in Resources */,
				DD735FFC182E6C4E00D57B4E /* shadow.png in Resources */,
				79A2B2601814D45C0091CBAA /* Default-568h@2x.png in Resources */,
				79261E46183DC426005B8ABF /* image_0.jpeg in Resources */,
				79261E47183DC426005B8ABF /* image_1.jpeg in Resources */,
				79261E48183DC426005B8ABF /* image_2.jpeg in Resources */,
				79261E49183DC426005B8ABF /* image_3.jpeg in Resources */,
				79261E4A183DC426005B8ABF /* image_4.jpeg in Resources */,
				79261E4B183DC426005B8ABF /* image_5.jpeg in Resources */,
				79261E4C183DC426005B8ABF /* image_6.jpeg in Resources */,
				79261E4D183DC426005B8ABF /* image_7.jpeg in Resources */,
				79261E4E183DC426005B8ABF /* image_8.jpeg in Resources */,
				79261E4F183DC426005B8ABF /* image_9.jpeg in Resources */,
				79261E50183DC426005B8ABF /* image_10.jpeg in Resources */,
				79261E51183DC426005B8ABF /* image_11.jpeg in Resources */,
				79261E52183DC426005B8ABF /* image_12.jpeg in Resources */,
				79261E53183DC426005B8ABF /* image_13.jpeg in Resources */,
				79261E54183DC426005B8ABF /* image_14.jpeg in Resources */,
				79261E55183DC426005B8ABF /* image_15.jpeg in Resources */,
				79261E56183DC426005B8ABF /* image_16.jpeg in Resources */,
				79261E57183DC426005B8ABF /* image_17.jpeg in Resources */,
				79261E58183DC426005B8ABF /* image_18.jpeg in Resources */,
				79261E59183DC426005B8ABF /* image_19.jpeg in Resources */,
				79261E5A183DC426005B8ABF /* image_20.jpeg in Resources */,
				79261E5B183DC426005B8ABF /* image_21.jpeg in Resources */,
				79261E5C183DC426005B8ABF /* image_22.jpeg in Resources */,
				79261E5D183DC426005B8ABF /* image_23.jpeg in Resources */,
				79261E5E183DC426005B8ABF /* image_24.jpeg in Resources */,
				79261E5F183DC426005B8ABF /* image_25.jpeg in Resources */,
				79261E60183DC426005B8ABF /* image_26.jpeg in Resources */,
				79261E61183DC426005B8ABF /* image_27.jpeg in Resources */,
				79261E62183DC426005B8ABF /* image_28.jpeg in Resources */,
				79261E63183DC426005B8ABF /* image_29.jpeg in Resources */,
				79261E64183DC426005B8ABF /* image_30.jpeg in Resources */,
				79261E65183DC426005B8ABF /* image_31.jpeg in Resources */,
				79261E66183DC426005B8ABF /* image_32.jpeg in Resources */,
				79261E67183DC426005B8ABF /* image_33.jpeg in Resources */,
				79261E68183DC426005B8ABF /* image_34.jpeg in Resources */,
			);
			runOnlyForDeploymentPostprocessing = 0;
		};
/* End PBXResourcesBuildPhase section */

/* Begin PBXSourcesBuildPhase section */
		79A2B23E1814D45C0091CBAA /* Sources */ = {
			isa = PBXSourcesBuildPhase;
			buildActionMask = 2147483647;
			files = (
				79A2B2561814D45C0091CBAA /* main.m in Sources */,
				79A2B25A1814D45C0091CBAA /* AppDelegate.mm in Sources */,
				79A2B2671814D45C0091CBAA /* ViewController.mm in Sources */,
				797658BC181F66C9006EB977 /* GLBatch.cpp in Sources */,
				797658BD181F66C9006EB977 /* GLShaderManager.cpp in Sources */,
				797658BE181F66C9006EB977 /* GLTools.cpp in Sources */,
				797658BF181F66C9006EB977 /* GLTriangleBatch.cpp in Sources */,
				797658C0181F66C9006EB977 /* math3d.cpp in Sources */,
				792C936D181FC23A00D7BFE7 /* test.m in Sources */,
				7951B40A183329FE000839DB /* PaperAnimation.mm in Sources */,
			);
			runOnlyForDeploymentPostprocessing = 0;
		};
/* End PBXSourcesBuildPhase section */

/* Begin PBXVariantGroup section */
		79A2B2521814D45C0091CBAA /* InfoPlist.strings */ = {
			isa = PBXVariantGroup;
			children = (
				79A2B2531814D45C0091CBAA /* en */,
			);
			name = InfoPlist.strings;
			sourceTree = "<group>";
		};
/* End PBXVariantGroup section */

/* Begin XCBuildConfiguration section */
		79A2B26E1814D45C0091CBAA /* Debug */ = {
			isa = XCBuildConfiguration;
			buildSettings = {
				ALWAYS_SEARCH_USER_PATHS = NO;
				ARCHS = "$(ARCHS_STANDARD_32_BIT)";
				CLANG_CXX_LANGUAGE_STANDARD = "gnu++0x";
				CLANG_CXX_LIBRARY = "libstdc++";
				CLANG_WARN_CONSTANT_CONVERSION = YES;
				CLANG_WARN_EMPTY_BODY = YES;
				CLANG_WARN_ENUM_CONVERSION = YES;
				CLANG_WARN_INT_CONVERSION = YES;
				CLANG_WARN__DUPLICATE_METHOD_MATCH = YES;
				"CODE_SIGN_IDENTITY[sdk=iphoneos*]" = "iPhone Developer";
				COPY_PHASE_STRIP = NO;
				GCC_C_LANGUAGE_STANDARD = gnu99;
				GCC_DYNAMIC_NO_PIC = NO;
				GCC_INPUT_FILETYPE = sourcecode.cpp.objcpp;
				GCC_OPTIMIZATION_LEVEL = 0;
				GCC_PREPROCESSOR_DEFINITIONS = (
					"DEBUG=1",
					"$(inherited)",
				);
				GCC_SYMBOLS_PRIVATE_EXTERN = NO;
				GCC_VERSION = "";
				GCC_WARN_ABOUT_RETURN_TYPE = YES;
				GCC_WARN_UNINITIALIZED_AUTOS = YES;
				GCC_WARN_UNUSED_VARIABLE = YES;
				HEADER_SEARCH_PATHS = "\"$(SRCROOT)/GLES_Paper/GLTools/include\"";
				IPHONEOS_DEPLOYMENT_TARGET = 4.3;
				ONLY_ACTIVE_ARCH = YES;
				SDKROOT = iphoneos;
				TARGETED_DEVICE_FAMILY = "1,2";
				VALID_ARCHS = "armv7 armv7s";
			};
			name = Debug;
		};
		79A2B26F1814D45C0091CBAA /* Release */ = {
			isa = XCBuildConfiguration;
			buildSettings = {
				ALWAYS_SEARCH_USER_PATHS = NO;
				ARCHS = "$(ARCHS_STANDARD_32_BIT)";
				CLANG_CXX_LANGUAGE_STANDARD = "gnu++0x";
				CLANG_CXX_LIBRARY = "libstdc++";
				CLANG_WARN_CONSTANT_CONVERSION = YES;
				CLANG_WARN_EMPTY_BODY = YES;
				CLANG_WARN_ENUM_CONVERSION = YES;
				CLANG_WARN_INT_CONVERSION = YES;
				CLANG_WARN__DUPLICATE_METHOD_MATCH = YES;
				"CODE_SIGN_IDENTITY[sdk=iphoneos*]" = "iPhone Developer";
				COPY_PHASE_STRIP = YES;
				GCC_C_LANGUAGE_STANDARD = gnu99;
				GCC_INPUT_FILETYPE = sourcecode.cpp.objcpp;
				GCC_VERSION = "";
				GCC_WARN_ABOUT_RETURN_TYPE = YES;
				GCC_WARN_UNINITIALIZED_AUTOS = YES;
				GCC_WARN_UNUSED_VARIABLE = YES;
				HEADER_SEARCH_PATHS = "\"$(SRCROOT)/GLES_Paper/GLTools/include\"";
				IPHONEOS_DEPLOYMENT_TARGET = 4.3;
				OTHER_CFLAGS = "-DNS_BLOCK_ASSERTIONS=1";
				SDKROOT = iphoneos;
				TARGETED_DEVICE_FAMILY = "1,2";
				VALIDATE_PRODUCT = YES;
				VALID_ARCHS = "armv7 armv7s";
			};
			name = Release;
		};
		79A2B2711814D45C0091CBAA /* Debug */ = {
			isa = XCBuildConfiguration;
			buildSettings = {
				ARCHS = "$(ARCHS_STANDARD_32_BIT)";
				CLANG_CXX_LANGUAGE_STANDARD = "gnu++0x";
				CLANG_CXX_LIBRARY = "libstdc++";
				GCC_PRECOMPILE_PREFIX_HEADER = YES;
				GCC_PREFIX_HEADER = "GLES_Paper/GLES_Paper-Prefix.pch";
				INFOPLIST_FILE = "GLES_Paper/GLES_Paper-Info.plist";
				LIBRARY_SEARCH_PATHS = "$(inherited)";
				PRODUCT_NAME = "$(TARGET_NAME)";
				WRAPPER_EXTENSION = app;
			};
			name = Debug;
		};
		79A2B2721814D45C0091CBAA /* Release */ = {
			isa = XCBuildConfiguration;
			buildSettings = {
				ARCHS = "$(ARCHS_STANDARD_32_BIT)";
				CLANG_CXX_LANGUAGE_STANDARD = "gnu++0x";
				CLANG_CXX_LIBRARY = "libstdc++";
				GCC_PRECOMPILE_PREFIX_HEADER = YES;
				GCC_PREFIX_HEADER = "GLES_Paper/GLES_Paper-Prefix.pch";
				INFOPLIST_FILE = "GLES_Paper/GLES_Paper-Info.plist";
				LIBRARY_SEARCH_PATHS = "$(inherited)";
				PRODUCT_NAME = "$(TARGET_NAME)";
				WRAPPER_EXTENSION = app;
			};
			name = Release;
		};
/* End XCBuildConfiguration section */

/* Begin XCConfigurationList section */
		79A2B23D1814D45C0091CBAA /* Build configuration list for PBXProject "GLES_Paper" */ = {
			isa = XCConfigurationList;
			buildConfigurations = (
				79A2B26E1814D45C0091CBAA /* Debug */,
				79A2B26F1814D45C0091CBAA /* Release */,
			);
			defaultConfigurationIsVisible = 0;
			defaultConfigurationName = Release;
		};
		79A2B2701814D45C0091CBAA /* Build configuration list for PBXNativeTarget "GLES_Paper" */ = {
			isa = XCConfigurationList;
			buildConfigurations = (
				79A2B2711814D45C0091CBAA /* Debug */,
				79A2B2721814D45C0091CBAA /* Release */,
			);
			defaultConfigurationIsVisible = 0;
			defaultConfigurationName = Release;
		};
/* End XCConfigurationList section */
	};
	rootObject = 79A2B23A1814D45C0091CBAA /* Project object */;
}
